{
    "_readme": [
        "This file locks the dependencies of your project to a known state",
        "Read more about it at https://getcomposer.org/doc/01-basic-usage.md#installing-dependencies",
        "This file is @generated automatically"
    ],
    "content-hash": "35d5697edc3d1d6b13cf8e5ba2c65edd",
    "packages": [
        {
            "name": "wordpress/wordpress",
            "version": "6.8.3",
            "dist": {
                "type": "zip",
                "url": "https://downloads.wordpress.org/release/wordpress-6.8.3-no-content.zip"
            },
            "type": "wordpress-dropin"
        }
    ],
    "packages-dev": [],
    "aliases": [],
    "minimum-stability": "stable",
    "stability-flags": [],
    "prefer-stable": false,
    "prefer-lowest": false,
    "platform": {
        "php": ">=7.4"
    },
    "platform-dev": [],
    "plugin-api-version": "2.6.0"
}
